{
  "name": "nudgeti",
  "version": "0.1.0",
  "lockfileVersion": 1,
  "requires": true,
  "dependencies": {
    "@webcomponents/custom-elements": {
      "version": "1.0.8",
      "resolved": "https://registry.npmjs.org/@webcomponents/custom-elements/-/custom-elements-1.0.8.tgz",
      "integrity": "sha512-BPJillR1En1rsbQY3sdHL8o67fRjFqVrbusL395ei4Y5miZEGyQOsVAH9rZR5Vbutkt4lSepdfJFiTl5f6/Lkw=="
    }
  }
}
